
Microsoft Visual Studio Solution File, Format Version 12.00
# Visual Studio Version 16
VisualStudioVersion = 16.0.31729.503
MinimumVisualStudioVersion = 10.0.40219.1
Project("{FAE04EC0-301F-11D3-BF4B-00C04F79EFBC}") = "CctMeter", "CctMeter.csproj", "{97773EEB-6457-450D-83B7-7D6DD3758AEE}"
EndProject
Global
	GlobalSection(SolutionConfigurationPlatforms) = preSolution
		Debug|Any CPU = Debug|Any CPU
		Release|Any CPU = Release|Any CPU
	EndGlobalSection
	GlobalSection(ProjectConfigurationPlatforms) = postSolution
		{97773EEB-6457-450D-83B7-7D6DD3758AEE}.Debug|Any CPU.ActiveCfg = Debug|Any CPU
		{97773EEB-6457-450D-83B7-7D6DD3758AEE}.Debug|Any CPU.Build.0 = Debug|Any CPU
		{97773EEB-6457-450D-83B7-7D6DD3758AEE}.Release|Any CPU.ActiveCfg = Release|Any CPU
		{97773EEB-6457-450D-83B7-7D6DD3758AEE}.Release|Any CPU.Build.0 = Release|Any CPU
	EndGlobalSection
	GlobalSection(SolutionProperties) = preSolution
		HideSolutionNode = FALSE
	EndGlobalSection
	GlobalSection(ExtensibilityGlobals) = postSolution
		SolutionGuid = {838D5487-9D40-4837-A9CC-44C45C4FB321}
	EndGlobalSection
EndGlobal
